
Microsoft Visual Studio Solution File, Format Version 12.00
# Visual Studio Version 17
VisualStudioVersion = 17.9.34714.143
MinimumVisualStudioVersion = 10.0.40219.1
Project("{9A19103F-16F7-4668-BE54-9A1E7A4F7556}") = "MoreFairStats", "MoreFairStats\MoreFairStats.csproj", "{08F9FB79-E1C0-4994-8FC5-8A62F5794C29}"
EndProject
Project("{9A19103F-16F7-4668-BE54-9A1E7A4F7556}") = "MoreFairStatsManagement", "MoreFairStatsManagement\MoreFairStatsManagement.csproj", "{3FBC2C9C-8B6F-43B1-98FE-2E53F343F2DB}"
EndProject
Global
	GlobalSection(SolutionConfigurationPlatforms) = preSolution
		Debug|Any CPU = Debug|Any CPU
		Release|Any CPU = Release|Any CPU
	EndGlobalSection
	GlobalSection(ProjectConfigurationPlatforms) = postSolution
		{08F9FB79-E1C0-4994-8FC5-8A62F5794C29}.Debug|Any CPU.ActiveCfg = Debug|Any CPU
		{08F9FB79-E1C0-4994-8FC5-8A62F5794C29}.Debug|Any CPU.Build.0 = Debug|Any CPU
		{08F9FB79-E1C0-4994-8FC5-8A62F5794C29}.Release|Any CPU.ActiveCfg = Release|Any CPU
		{08F9FB79-E1C0-4994-8FC5-8A62F5794C29}.Release|Any CPU.Build.0 = Release|Any CPU
		{3FBC2C9C-8B6F-43B1-98FE-2E53F343F2DB}.Debug|Any CPU.ActiveCfg = Debug|Any CPU
		{3FBC2C9C-8B6F-43B1-98FE-2E53F343F2DB}.Debug|Any CPU.Build.0 = Debug|Any CPU
		{3FBC2C9C-8B6F-43B1-98FE-2E53F343F2DB}.Release|Any CPU.ActiveCfg = Release|Any CPU
		{3FBC2C9C-8B6F-43B1-98FE-2E53F343F2DB}.Release|Any CPU.Build.0 = Release|Any CPU
	EndGlobalSection
	GlobalSection(SolutionProperties) = preSolution
		HideSolutionNode = FALSE
	EndGlobalSection
	GlobalSection(ExtensibilityGlobals) = postSolution
		SolutionGuid = {41FC3D71-1B84-4D27-AADD-3AB3614924F4}
	EndGlobalSection
EndGlobal
